
Microsoft Visual Studio Solution File, Format Version 12.00
# Visual Studio Version 17
VisualStudioVersion = 17.7.34003.232
MinimumVisualStudioVersion = 10.0.40219.1
Project("{FAE04EC0-301F-11D3-BF4B-00C04F79EFBC}") = "WebApplication1", "WebApplication1\WebApplication1.csproj", "{94F7853D-CE62-42BB-BEFB-2F9B7C0D0A12}"
EndProject
Global
	GlobalSection(SolutionConfigurationPlatforms) = preSolution
		Debug|Any CPU = Debug|Any CPU
		Release|Any CPU = Release|Any CPU
	EndGlobalSection
	GlobalSection(ProjectConfigurationPlatforms) = postSolution
		{94F7853D-CE62-42BB-BEFB-2F9B7C0D0A12}.Debug|Any CPU.ActiveCfg = Debug|Any CPU
		{94F7853D-CE62-42BB-BEFB-2F9B7C0D0A12}.Debug|Any CPU.Build.0 = Debug|Any CPU
		{94F7853D-CE62-42BB-BEFB-2F9B7C0D0A12}.Release|Any CPU.ActiveCfg = Release|Any CPU
		{94F7853D-CE62-42BB-BEFB-2F9B7C0D0A12}.Release|Any CPU.Build.0 = Release|Any CPU
	EndGlobalSection
	GlobalSection(SolutionProperties) = preSolution
		HideSolutionNode = FALSE
	EndGlobalSection
	GlobalSection(ExtensibilityGlobals) = postSolution
		SolutionGuid = {AAD4FC6F-341E-4C64-B8B0-61796FC1073F}
	EndGlobalSection
EndGlobal
